
Microsoft Visual Studio Solution File, Format Version 12.00
# Visual Studio Version 17
VisualStudioVersion = 17.3.32922.545
MinimumVisualStudioVersion = 10.0.40219.1
Project("{9A19103F-16F7-4668-BE54-9A1E7A4F7556}") = "Quizly", "Quizly\Quizly.csproj", "{696BF109-03FB-47DC-901B-063DDE5D53F4}"
EndProject
Global
	GlobalSection(SolutionConfigurationPlatforms) = preSolution
		Debug|Any CPU = Debug|Any CPU
		Release|Any CPU = Release|Any CPU
	EndGlobalSection
	GlobalSection(ProjectConfigurationPlatforms) = postSolution
		{696BF109-03FB-47DC-901B-063DDE5D53F4}.Debug|Any CPU.ActiveCfg = Debug|Any CPU
		{696BF109-03FB-47DC-901B-063DDE5D53F4}.Debug|Any CPU.Build.0 = Debug|Any CPU
		{696BF109-03FB-47DC-901B-063DDE5D53F4}.Release|Any CPU.ActiveCfg = Release|Any CPU
		{696BF109-03FB-47DC-901B-063DDE5D53F4}.Release|Any CPU.Build.0 = Release|Any CPU
	EndGlobalSection
	GlobalSection(SolutionProperties) = preSolution
		HideSolutionNode = FALSE
	EndGlobalSection
	GlobalSection(ExtensibilityGlobals) = postSolution
		SolutionGuid = {9707D1A1-EA08-4ACD-9A8D-441664049B16}
	EndGlobalSection
EndGlobal
